Microsoft Visual Studio Solution File, Format Version 12.00
# Visual Studio Version 17
VisualStudioVersion = 17.5.2.0
MinimumVisualStudioVersion = 10.0.40219.1
Project("{FAE04EC0-301F-11D3-BF4B-00C04F79EFBC}") = "reusable-methods", "reusable-methods.csproj", "{17FECD1F-3ED7-0C4C-0DA9-E592D69672C3}"
EndProject
Global
	GlobalSection(SolutionConfigurationPlatforms) = preSolution
		Debug|Any CPU = Debug|Any CPU
		Release|Any CPU = Release|Any CPU
	EndGlobalSection
	GlobalSection(ProjectConfigurationPlatforms) = postSolution
		{17FECD1F-3ED7-0C4C-0DA9-E592D69672C3}.Debug|Any CPU.ActiveCfg = Debug|Any CPU
		{17FECD1F-3ED7-0C4C-0DA9-E592D69672C3}.Debug|Any CPU.Build.0 = Debug|Any CPU
		{17FECD1F-3ED7-0C4C-0DA9-E592D69672C3}.Release|Any CPU.ActiveCfg = Release|Any CPU
		{17FECD1F-3ED7-0C4C-0DA9-E592D69672C3}.Release|Any CPU.Build.0 = Release|Any CPU
	EndGlobalSection
	GlobalSection(SolutionProperties) = preSolution
		HideSolutionNode = FALSE
	EndGlobalSection
	GlobalSection(ExtensibilityGlobals) = postSolution
		SolutionGuid = {DB67E7B9-3119-4A6C-A91D-048DB2CA809B}
	EndGlobalSection
EndGlobal
